
Microsoft Visual Studio Solution File, Format Version 12.00
# Visual Studio Version 16
VisualStudioVersion = 16.0.29009.5
MinimumVisualStudioVersion = 10.0.40219.1
Project("{FAE04EC0-301F-11D3-BF4B-00C04F79EFBC}") = "VirtualGym", "VirtualGym.csproj", "{B8A047D4-1B93-43C1-A527-45AEA8062287}"
EndProject
Global
	GlobalSection(SolutionConfigurationPlatforms) = preSolution
		Debug|Any CPU = Debug|Any CPU
		Release|Any CPU = Release|Any CPU
	EndGlobalSection
	GlobalSection(ProjectConfigurationPlatforms) = postSolution
		{B8A047D4-1B93-43C1-A527-45AEA8062287}.Debug|Any CPU.ActiveCfg = Debug|Any CPU
		{B8A047D4-1B93-43C1-A527-45AEA8062287}.Debug|Any CPU.Build.0 = Debug|Any CPU
		{B8A047D4-1B93-43C1-A527-45AEA8062287}.Release|Any CPU.ActiveCfg = Release|Any CPU
		{B8A047D4-1B93-43C1-A527-45AEA8062287}.Release|Any CPU.Build.0 = Release|Any CPU
	EndGlobalSection
	GlobalSection(SolutionProperties) = preSolution
		HideSolutionNode = FALSE
	EndGlobalSection
	GlobalSection(ExtensibilityGlobals) = postSolution
		SolutionGuid = {C8ABD2A8-6AD3-479C-A955-A4E3D71063A6}
	EndGlobalSection
EndGlobal
